# THIS IS AN AUTOGENERATED FILE. DO NOT EDIT THIS FILE DIRECTLY.
# yarn lockfile v1


"@saber2pr/node@^0.2.7":
  version "0.2.7"
  resolved "https://registry.yarnpkg.com/@saber2pr/node/-/node-0.2.7.tgz#f3d9d849632c3b75c9a1f8e957534ad2d07d988e"
  integrity sha512-/PcY5x1ae/TkLcgyn79fg1XaF4rw5BpiUAO2zIMVY+o47jJDLVIDEiEvsLs3c1L51FaSNN3cVIq/eoCToYjoJw==
  dependencies:
    "@types/node" "^10.12.18"

"@types/node@^10.12.18":
  version "10.14.18"
  resolved "https://registry.yarnpkg.com/@types/node/-/node-10.14.18.tgz#b7d45fc950e6ffd7edc685e890d13aa7b8535dce"
  integrity sha512-ryO3Q3++yZC/+b8j8BdKd/dn9JlzlHBPdm80656xwYUdmPkpTGTjkAdt6BByiNupGPE8w0FhBgvYy/fX9hRNGQ==

typescript@^3.4.3:
  version "3.6.3"
  resolved "https://registry.yarnpkg.com/typescript/-/typescript-3.6.3.tgz#fea942fabb20f7e1ca7164ff626f1a9f3f70b4da"
  integrity sha512-N7bceJL1CtRQ2RiG0AQME13ksR7DiuQh/QehubYcghzv20tnh+MQnQIuJddTmsbqYj+dztchykemz0zFzlvdQw==
